<Solution>
  <Folder Name="/src/">
    <Project Path="src/BrowserTesting.Core/BrowserTesting.Core.csproj" />
    <Project Path="src/BrowserTesting.Desktop/BrowserTesting.Desktop.csproj" />
    <Project Path="src/BrowserTesting.Infrastructure/BrowserTesting.Infrastructure.csproj" />
    <Project Path="src/BrowserTesting.Tests/BrowserTesting.Tests.csproj" />
  </Folder>
  
</Solution>
